dependencies:
- name: rabbitmq
  repository: https://charts.bitnami.com
  version: 6.17.0
- name: keycloak
  repository: https://codecentric.github.io/helm-charts
  version: 6.2.0
digest: sha256:a48851c8403ce88fe1763198b6d34b0d0c3ddbabf9249886fe4d39b5668ab0c4
generated: "2020-02-04T09:17:10.295197818Z"
